
Microsoft Visual Studio Solution File, Format Version 12.00
# Visual Studio Version 17
VisualStudioVersion = 17.14.36414.22 d17.14
MinimumVisualStudioVersion = 10.0.40219.1
Project("{FAE04EC0-301F-11D3-BF4B-00C04F79EFBC}") = "GameAPI", "GameAPI\GameAPI.csproj", "{339928BD-5FD5-4556-80D9-CEAB3251B88A}"
EndProject
Global
	GlobalSection(SolutionConfigurationPlatforms) = preSolution
		Debug|Any CPU = Debug|Any CPU
		Release|Any CPU = Release|Any CPU
	EndGlobalSection
	GlobalSection(ProjectConfigurationPlatforms) = postSolution
		{339928BD-5FD5-4556-80D9-CEAB3251B88A}.Debug|Any CPU.ActiveCfg = Debug|Any CPU
		{339928BD-5FD5-4556-80D9-CEAB3251B88A}.Debug|Any CPU.Build.0 = Debug|Any CPU
		{339928BD-5FD5-4556-80D9-CEAB3251B88A}.Release|Any CPU.ActiveCfg = Release|Any CPU
		{339928BD-5FD5-4556-80D9-CEAB3251B88A}.Release|Any CPU.Build.0 = Release|Any CPU
	EndGlobalSection
	GlobalSection(SolutionProperties) = preSolution
		HideSolutionNode = FALSE
	EndGlobalSection
	GlobalSection(ExtensibilityGlobals) = postSolution
		SolutionGuid = {5A1600FF-9ADE-456F-ABC1-6241C63F1D35}
	EndGlobalSection
EndGlobal
